<?xml version="1.0" encoding="utf-8"?>
<Project ToolsVersion="4.0" xmlns="http://schemas.microsoft.com/developer/msbuild/2003">
  <ItemGroup>
    <Filter Include="Source files">
      <UniqueIdentifier>{e0392b45-2ba1-4e40-bbe8-21f6c0432c3e}</UniqueIdentifier>
      <Extensions>cpp;c;cc;cxx;def;odl;idl;hpj;bat;asm;asmx</Extensions>
    </Filter>
    <Filter Include="Header files">
      <UniqueIdentifier>{8136be98-8fd0-4cd1-918e-4c02cde14b8c}</UniqueIdentifier>
      <Extensions>h;hpp;hxx;hm;inl;inc;xsd</Extensions>
    </Filter>
    <Filter Include="Resource files">
      <UniqueIdentifier>{737c538b-6914-4140-9e97-cd716ae849eb}</UniqueIdentifier>
      <Extensions>rc;ico;cur;bmp;dlg;rc2;rct;bin;rgs;gif;jpg;jpeg;jpe;resx;tiff;tif;png;wav</Extensions>
    </Filter>
    <Filter Include="Header files\Drivers">
      <UniqueIdentifier>{6ff4b5db-57fb-4f57-ab95-5e62c5ef0d7f}</UniqueIdentifier>
    </Filter>
    <Filter Include="Header files\Drivers\CMSIS">
      <UniqueIdentifier>{75ee14f4-fb1d-4927-b1c1-4411716a62f7}</UniqueIdentifier>
    </Filter>
    <Filter Include="Header files\Drivers\CMSIS\Device">
      <UniqueIdentifier>{8a498357-f63c-4c31-ab96-a01892492739}</UniqueIdentifier>
    </Filter>
    <Filter Include="Header files\Drivers\CMSIS\Device\ST">
      <UniqueIdentifier>{8b732308-2029-46fa-a3ed-e2e763748237}</UniqueIdentifier>
    </Filter>
    <Filter Include="Header files\Drivers\CMSIS\Device\ST\STM32F4xx">
      <UniqueIdentifier>{366bd642-591b-4d1f-8a5b-0f7e0cdea4f3}</UniqueIdentifier>
    </Filter>
    <Filter Include="Header files\Drivers\CMSIS\Device\ST\STM32F4xx\Include">
      <UniqueIdentifier>{a23bbd99-e0ff-4a69-99ca-f30ca03a2bfd}</UniqueIdentifier>
    </Filter>
    <Filter Include="Header files\Drivers\CMSIS\Include">
      <UniqueIdentifier>{7a2cdf02-69ac-4616-9b47-e8fab4800a60}</UniqueIdentifier>
    </Filter>
    <Filter Include="Header files\Drivers\STM32F4xx_HAL_Driver">
      <UniqueIdentifier>{4f076369-c873-417a-8e21-7545446e43ab}</UniqueIdentifier>
    </Filter>
    <Filter Include="Header files\Drivers\STM32F4xx_HAL_Driver\Inc">
      <UniqueIdentifier>{65ad36dd-6cd6-4356-be8c-5e5e8e226297}</UniqueIdentifier>
    </Filter>
    <Filter Include="Header files\Drivers\STM32F4xx_HAL_Driver\Inc\Legacy">
      <UniqueIdentifier>{403ab725-28d1-42fa-b813-8938312a0f1d}</UniqueIdentifier>
    </Filter>
    <Filter Include="Source files\Drivers">
      <UniqueIdentifier>{dff52bfb-d807-46c5-8d3a-9787dfb09c61}</UniqueIdentifier>
    </Filter>
    <Filter Include="Source files\Drivers\STM32F4xx_HAL_Driver">
      <UniqueIdentifier>{34acb3e8-c67d-4b93-b8f9-7ad35e07beae}</UniqueIdentifier>
    </Filter>
    <Filter Include="Source files\Drivers\STM32F4xx_HAL_Driver\Src">
      <UniqueIdentifier>{31ad7844-2f1e-4fef-8e46-0b7f6b248202}</UniqueIdentifier>
    </Filter>
    <Filter Include="Header files\Inc">
      <UniqueIdentifier>{33ae1362-0396-4b64-acda-c2ddfb097070}</UniqueIdentifier>
    </Filter>
    <Filter Include="Source files\Middlewares">
      <UniqueIdentifier>{950e30ae-fe23-4efb-a884-645ed300a91d}</UniqueIdentifier>
    </Filter>
    <Filter Include="Source files\Middlewares\Third_Party">
      <UniqueIdentifier>{7823a5cd-b2e3-4352-9f26-5baa458b7c2a}</UniqueIdentifier>
    </Filter>
    <Filter Include="Source files\Middlewares\Third_Party\FatFs">
      <UniqueIdentifier>{429d6159-f9d0-42e1-8193-002212dfab0e}</UniqueIdentifier>
    </Filter>
    <Filter Include="Source files\Middlewares\Third_Party\FatFs\src">
      <UniqueIdentifier>{d9328c7f-5978-421e-b27a-91eb4b2e2cb1}</UniqueIdentifier>
    </Filter>
    <Filter Include="Header files\Middlewares">
      <UniqueIdentifier>{a19d2c26-3b0b-4279-b060-e5a3a6a03960}</UniqueIdentifier>
    </Filter>
    <Filter Include="Header files\Middlewares\Third_Party">
      <UniqueIdentifier>{9dd8bb03-c471-4a3c-aeff-3499b89eb486}</UniqueIdentifier>
    </Filter>
    <Filter Include="Header files\Middlewares\Third_Party\FatFs">
      <UniqueIdentifier>{0e3e2d86-d8a2-4fb5-98fb-9400d71b79c1}</UniqueIdentifier>
    </Filter>
    <Filter Include="Header files\Middlewares\Third_Party\FatFs\src">
      <UniqueIdentifier>{e003bf1a-22e9-4a8e-bb72-0d09af4bac05}</UniqueIdentifier>
    </Filter>
    <Filter Include="Source files\Middlewares\Third_Party\FatFs\src\option">
      <UniqueIdentifier>{c220e3c4-bfe1-4e9b-b963-e39c178560cd}</UniqueIdentifier>
    </Filter>
    <Filter Include="Source files\Src">
      <UniqueIdentifier>{ad4a9713-7f95-4f25-a459-fbc06d129e8e}</UniqueIdentifier>
    </Filter>
    <Filter Include="Make files">
      <UniqueIdentifier>{43504da6-d2d1-4769-aaaf-7b92802b3af3}</UniqueIdentifier>
      <Extensions>*.mak</Extensions>
    </Filter>
    <Filter Include="VisualGDB settings">
      <UniqueIdentifier>{c9ec5fb6-52ef-45ca-9747-e651794f5286}</UniqueIdentifier>
      <Extensions>*.vgdbsettings</Extensions>
    </Filter>
    <Filter Include="Source files\Device-specific files">
      <UniqueIdentifier>{9802bc8a-6f6e-463b-827c-a7cf78327912}</UniqueIdentifier>
    </Filter>
    <Filter Include="Header files\Device-specific files">
      <UniqueIdentifier>{bb603d60-5803-4433-9b55-8879078969bb}</UniqueIdentifier>
    </Filter>
  </ItemGroup>
  <ItemGroup>
    <ClInclude Include="..\..\..\Drivers\CMSIS\Device\ST\STM32F4xx\Include\stm32f427xx.h">
      <Filter>Header files\Drivers\CMSIS\Device\ST\STM32F4xx\Include</Filter>
    </ClInclude>
    <ClInclude Include="..\..\..\Drivers\CMSIS\Device\ST\STM32F4xx\Include\stm32f4xx.h">
      <Filter>Header files\Drivers\CMSIS\Device\ST\STM32F4xx\Include</Filter>
    </ClInclude>
    <ClInclude Include="..\..\..\Drivers\CMSIS\Device\ST\STM32F4xx\Include\system_stm32f4xx.h">
      <Filter>Header files\Drivers\CMSIS\Device\ST\STM32F4xx\Include</Filter>
    </ClInclude>
    <ClInclude Include="..\..\..\Drivers\CMSIS\Include\arm_common_tables.h">
      <Filter>Header files\Drivers\CMSIS\Include</Filter>
    </ClInclude>
    <ClInclude Include="..\..\..\Drivers\CMSIS\Include\arm_const_structs.h">
      <Filter>Header files\Drivers\CMSIS\Include</Filter>
    </ClInclude>
    <ClInclude Include="..\..\..\Drivers\CMSIS\Include\arm_math.h">
      <Filter>Header files\Drivers\CMSIS\Include</Filter>
    </ClInclude>
    <ClInclude Include="..\..\..\Drivers\CMSIS\Include\cmsis_armcc.h">
      <Filter>Header files\Drivers\CMSIS\Include</Filter>
    </ClInclude>
    <ClInclude Include="..\..\..\Drivers\CMSIS\Include\cmsis_armcc_V6.h">
      <Filter>Header files\Drivers\CMSIS\Include</Filter>
    </ClInclude>
    <ClInclude Include="..\..\..\Drivers\CMSIS\Include\cmsis_gcc.h">
      <Filter>Header files\Drivers\CMSIS\Include</Filter>
    </ClInclude>
    <ClInclude Include="..\..\..\Drivers\CMSIS\Include\core_cm0.h">
      <Filter>Header files\Drivers\CMSIS\Include</Filter>
    </ClInclude>
    <ClInclude Include="..\..\..\Drivers\CMSIS\Include\core_cm0plus.h">
      <Filter>Header files\Drivers\CMSIS\Include</Filter>
    </ClInclude>
    <ClInclude Include="..\..\..\Drivers\CMSIS\Include\core_cm3.h">
      <Filter>Header files\Drivers\CMSIS\Include</Filter>
    </ClInclude>
    <ClInclude Include="..\..\..\Drivers\CMSIS\Include\core_cm4.h">
      <Filter>Header files\Drivers\CMSIS\Include</Filter>
    </ClInclude>
    <ClInclude Include="..\..\..\Drivers\CMSIS\Include\core_cm7.h">
      <Filter>Header files\Drivers\CMSIS\Include</Filter>
    </ClInclude>
    <ClInclude Include="..\..\..\Drivers\CMSIS\Include\core_cmFunc.h">
      <Filter>Header files\Drivers\CMSIS\Include</Filter>
    </ClInclude>
    <ClInclude Include="..\..\..\Drivers\CMSIS\Include\core_cmInstr.h">
      <Filter>Header files\Drivers\CMSIS\Include</Filter>
    </ClInclude>
    <ClInclude Include="..\..\..\Drivers\CMSIS\Include\core_cmSimd.h">
      <Filter>Header files\Drivers\CMSIS\Include</Filter>
    </ClInclude>
    <ClInclude Include="..\..\..\Drivers\CMSIS\Include\core_sc000.h">
      <Filter>Header files\Drivers\CMSIS\Include</Filter>
    </ClInclude>
    <ClInclude Include="..\..\..\Drivers\CMSIS\Include\core_sc300.h">
      <Filter>Header files\Drivers\CMSIS\Include</Filter>
    </ClInclude>
    <ClInclude Include="..\..\..\Drivers\STM32F4xx_HAL_Driver\Inc\stm32f4xx_hal.h">
      <Filter>Header files\Drivers\STM32F4xx_HAL_Driver\Inc</Filter>
    </ClInclude>
    <ClInclude Include="..\..\..\Drivers\STM32F4xx_HAL_Driver\Inc\stm32f4xx_hal_adc.h">
      <Filter>Header files\Drivers\STM32F4xx_HAL_Driver\Inc</Filter>
    </ClInclude>
    <ClInclude Include="..\..\..\Drivers\STM32F4xx_HAL_Driver\Inc\stm32f4xx_hal_adc_ex.h">
      <Filter>Header files\Drivers\STM32F4xx_HAL_Driver\Inc</Filter>
    </ClInclude>
    <ClInclude Include="..\..\..\Drivers\STM32F4xx_HAL_Driver\Inc\stm32f4xx_hal_can.h">
      <Filter>Header files\Drivers\STM32F4xx_HAL_Driver\Inc</Filter>
    </ClInclude>
    <ClInclude Include="..\..\..\Drivers\STM32F4xx_HAL_Driver\Inc\stm32f4xx_hal_cortex.h">
      <Filter>Header files\Drivers\STM32F4xx_HAL_Driver\Inc</Filter>
    </ClInclude>
    <ClInclude Include="..\..\..\Drivers\STM32F4xx_HAL_Driver\Inc\stm32f4xx_hal_def.h">
      <Filter>Header files\Drivers\STM32F4xx_HAL_Driver\Inc</Filter>
    </ClInclude>
    <ClInclude Include="..\..\..\Drivers\STM32F4xx_HAL_Driver\Inc\stm32f4xx_hal_dma.h">
      <Filter>Header files\Drivers\STM32F4xx_HAL_Driver\Inc</Filter>
    </ClInclude>
    <ClInclude Include="..\..\..\Drivers\STM32F4xx_HAL_Driver\Inc\stm32f4xx_hal_dma_ex.h">
      <Filter>Header files\Drivers\STM32F4xx_HAL_Driver\Inc</Filter>
    </ClInclude>
    <ClInclude Include="..\..\..\Drivers\STM32F4xx_HAL_Driver\Inc\stm32f4xx_hal_flash.h">
      <Filter>Header files\Drivers\STM32F4xx_HAL_Driver\Inc</Filter>
    </ClInclude>
    <ClInclude Include="..\..\..\Drivers\STM32F4xx_HAL_Driver\Inc\stm32f4xx_hal_flash_ex.h">
      <Filter>Header files\Drivers\STM32F4xx_HAL_Driver\Inc</Filter>
    </ClInclude>
    <ClInclude Include="..\..\..\Drivers\STM32F4xx_HAL_Driver\Inc\stm32f4xx_hal_flash_ramfunc.h">
      <Filter>Header files\Drivers\STM32F4xx_HAL_Driver\Inc</Filter>
    </ClInclude>
    <ClInclude Include="..\..\..\Drivers\STM32F4xx_HAL_Driver\Inc\stm32f4xx_hal_gpio.h">
      <Filter>Header files\Drivers\STM32F4xx_HAL_Driver\Inc</Filter>
    </ClInclude>
    <ClInclude Include="..\..\..\Drivers\STM32F4xx_HAL_Driver\Inc\stm32f4xx_hal_gpio_ex.h">
      <Filter>Header files\Drivers\STM32F4xx_HAL_Driver\Inc</Filter>
    </ClInclude>
    <ClInclude Include="..\..\..\Drivers\STM32F4xx_HAL_Driver\Inc\stm32f4xx_hal_i2c.h">
      <Filter>Header files\Drivers\STM32F4xx_HAL_Driver\Inc</Filter>
    </ClInclude>
    <ClInclude Include="..\..\..\Drivers\STM32F4xx_HAL_Driver\Inc\stm32f4xx_hal_i2c_ex.h">
      <Filter>Header files\Drivers\STM32F4xx_HAL_Driver\Inc</Filter>
    </ClInclude>
    <ClInclude Include="..\..\..\Drivers\STM32F4xx_HAL_Driver\Inc\stm32f4xx_hal_pcd.h">
      <Filter>Header files\Drivers\STM32F4xx_HAL_Driver\Inc</Filter>
    </ClInclude>
    <ClInclude Include="..\..\..\Drivers\STM32F4xx_HAL_Driver\Inc\stm32f4xx_hal_pcd_ex.h">
      <Filter>Header files\Drivers\STM32F4xx_HAL_Driver\Inc</Filter>
    </ClInclude>
    <ClInclude Include="..\..\..\Drivers\STM32F4xx_HAL_Driver\Inc\stm32f4xx_hal_pwr.h">
      <Filter>Header files\Drivers\STM32F4xx_HAL_Driver\Inc</Filter>
    </ClInclude>
    <ClInclude Include="..\..\..\Drivers\STM32F4xx_HAL_Driver\Inc\stm32f4xx_hal_pwr_ex.h">
      <Filter>Header files\Drivers\STM32F4xx_HAL_Driver\Inc</Filter>
    </ClInclude>
    <ClInclude Include="..\..\..\Drivers\STM32F4xx_HAL_Driver\Inc\stm32f4xx_hal_rcc.h">
      <Filter>Header files\Drivers\STM32F4xx_HAL_Driver\Inc</Filter>
    </ClInclude>
    <ClInclude Include="..\..\..\Drivers\STM32F4xx_HAL_Driver\Inc\stm32f4xx_hal_rcc_ex.h">
      <Filter>Header files\Drivers\STM32F4xx_HAL_Driver\Inc</Filter>
    </ClInclude>
    <ClInclude Include="..\..\..\Drivers\STM32F4xx_HAL_Driver\Inc\stm32f4xx_hal_sd.h">
      <Filter>Header files\Drivers\STM32F4xx_HAL_Driver\Inc</Filter>
    </ClInclude>
    <ClInclude Include="..\..\..\Drivers\STM32F4xx_HAL_Driver\Inc\stm32f4xx_hal_spi.h">
      <Filter>Header files\Drivers\STM32F4xx_HAL_Driver\Inc</Filter>
    </ClInclude>
    <ClInclude Include="..\..\..\Drivers\STM32F4xx_HAL_Driver\Inc\stm32f4xx_hal_tim.h">
      <Filter>Header files\Drivers\STM32F4xx_HAL_Driver\Inc</Filter>
    </ClInclude>
    <ClInclude Include="..\..\..\Drivers\STM32F4xx_HAL_Driver\Inc\stm32f4xx_hal_tim_ex.h">
      <Filter>Header files\Drivers\STM32F4xx_HAL_Driver\Inc</Filter>
    </ClInclude>
    <ClInclude Include="..\..\..\Drivers\STM32F4xx_HAL_Driver\Inc\stm32f4xx_hal_uart.h">
      <Filter>Header files\Drivers\STM32F4xx_HAL_Driver\Inc</Filter>
    </ClInclude>
    <ClInclude Include="..\..\..\Drivers\STM32F4xx_HAL_Driver\Inc\stm32f4xx_ll_sdmmc.h">
      <Filter>Header files\Drivers\STM32F4xx_HAL_Driver\Inc</Filter>
    </ClInclude>
    <ClInclude Include="..\..\..\Drivers\STM32F4xx_HAL_Driver\Inc\stm32f4xx_ll_usb.h">
      <Filter>Header files\Drivers\STM32F4xx_HAL_Driver\Inc</Filter>
    </ClInclude>
    <ClInclude Include="..\..\..\Drivers\STM32F4xx_HAL_Driver\Inc\Legacy\stm32_hal_legacy.h">
      <Filter>Header files\Drivers\STM32F4xx_HAL_Driver\Inc\Legacy</Filter>
    </ClInclude>
    <ClInclude Include="..\..\..\Inc\adc.h">
      <Filter>Header files\Inc</Filter>
    </ClInclude>
    <ClInclude Include="..\..\..\Inc\bsp_driver_sd.h">
      <Filter>Header files\Inc</Filter>
    </ClInclude>
    <ClInclude Include="..\..\..\Inc\can.h">
      <Filter>Header files\Inc</Filter>
    </ClInclude>
    <ClInclude Include="..\..\..\Inc\fatfs.h">
      <Filter>Header files\Inc</Filter>
    </ClInclude>
    <ClInclude Include="..\..\..\Inc\ffconf.h">
      <Filter>Header files\Inc</Filter>
    </ClInclude>
    <ClInclude Include="..\..\..\Inc\gpio.h">
      <Filter>Header files\Inc</Filter>
    </ClInclude>
    <ClInclude Include="..\..\..\Inc\i2c.h">
      <Filter>Header files\Inc</Filter>
    </ClInclude>
    <ClInclude Include="..\..\..\Inc\main.h">
      <Filter>Header files\Inc</Filter>
    </ClInclude>
    <ClInclude Include="..\..\..\Inc\sdio.h">
      <Filter>Header files\Inc</Filter>
    </ClInclude>
    <ClInclude Include="..\..\..\Inc\sd_diskio.h">
      <Filter>Header files\Inc</Filter>
    </ClInclude>
    <ClInclude Include="..\..\..\Inc\spi.h">
      <Filter>Header files\Inc</Filter>
    </ClInclude>
    <ClInclude Include="..\..\..\Inc\stm32f4xx_hal_conf.h">
      <Filter>Header files\Inc</Filter>
    </ClInclude>
    <ClInclude Include="..\..\..\Inc\stm32f4xx_it.h">
      <Filter>Header files\Inc</Filter>
    </ClInclude>
    <ClInclude Include="..\..\..\Inc\tim.h">
      <Filter>Header files\Inc</Filter>
    </ClInclude>
    <ClInclude Include="..\..\..\Inc\usart.h">
      <Filter>Header files\Inc</Filter>
    </ClInclude>
    <ClInclude Include="..\..\..\Inc\usb_otg.h">
      <Filter>Header files\Inc</Filter>
    </ClInclude>
    <ClInclude Include="..\..\..\Middlewares\Third_Party\FatFs\src\diskio.h">
      <Filter>Header files\Middlewares\Third_Party\FatFs\src</Filter>
    </ClInclude>
    <ClInclude Include="..\..\..\Middlewares\Third_Party\FatFs\src\ff.h">
      <Filter>Header files\Middlewares\Third_Party\FatFs\src</Filter>
    </ClInclude>
    <ClInclude Include="..\..\..\Middlewares\Third_Party\FatFs\src\ffconf_template.h">
      <Filter>Header files\Middlewares\Third_Party\FatFs\src</Filter>
    </ClInclude>
    <ClInclude Include="..\..\..\Middlewares\Third_Party\FatFs\src\ff_gen_drv.h">
      <Filter>Header files\Middlewares\Third_Party\FatFs\src</Filter>
    </ClInclude>
    <ClInclude Include="..\..\..\Middlewares\Third_Party\FatFs\src\integer.h">
      <Filter>Header files\Middlewares\Third_Party\FatFs\src</Filter>
    </ClInclude>
  </ItemGroup>
  <ItemGroup>
    <ClCompile Include="..\..\..\Drivers\STM32F4xx_HAL_Driver\Src\stm32f4xx_hal.c">
      <Filter>Source files\Drivers\STM32F4xx_HAL_Driver\Src</Filter>
    </ClCompile>
    <ClCompile Include="..\..\..\Drivers\STM32F4xx_HAL_Driver\Src\stm32f4xx_hal_adc.c">
      <Filter>Source files\Drivers\STM32F4xx_HAL_Driver\Src</Filter>
    </ClCompile>
    <ClCompile Include="..\..\..\Drivers\STM32F4xx_HAL_Driver\Src\stm32f4xx_hal_adc_ex.c">
      <Filter>Source files\Drivers\STM32F4xx_HAL_Driver\Src</Filter>
    </ClCompile>
    <ClCompile Include="..\..\..\Drivers\STM32F4xx_HAL_Driver\Src\stm32f4xx_hal_can.c">
      <Filter>Source files\Drivers\STM32F4xx_HAL_Driver\Src</Filter>
    </ClCompile>
    <ClCompile Include="..\..\..\Drivers\STM32F4xx_HAL_Driver\Src\stm32f4xx_hal_cortex.c">
      <Filter>Source files\Drivers\STM32F4xx_HAL_Driver\Src</Filter>
    </ClCompile>
    <ClCompile Include="..\..\..\Drivers\STM32F4xx_HAL_Driver\Src\stm32f4xx_hal_dma.c">
      <Filter>Source files\Drivers\STM32F4xx_HAL_Driver\Src</Filter>
    </ClCompile>
    <ClCompile Include="..\..\..\Drivers\STM32F4xx_HAL_Driver\Src\stm32f4xx_hal_dma_ex.c">
      <Filter>Source files\Drivers\STM32F4xx_HAL_Driver\Src</Filter>
    </ClCompile>
    <ClCompile Include="..\..\..\Drivers\STM32F4xx_HAL_Driver\Src\stm32f4xx_hal_flash.c">
      <Filter>Source files\Drivers\STM32F4xx_HAL_Driver\Src</Filter>
    </ClCompile>
    <ClCompile Include="..\..\..\Drivers\STM32F4xx_HAL_Driver\Src\stm32f4xx_hal_flash_ex.c">
      <Filter>Source files\Drivers\STM32F4xx_HAL_Driver\Src</Filter>
    </ClCompile>
    <ClCompile Include="..\..\..\Drivers\STM32F4xx_HAL_Driver\Src\stm32f4xx_hal_flash_ramfunc.c">
      <Filter>Source files\Drivers\STM32F4xx_HAL_Driver\Src</Filter>
    </ClCompile>
    <ClCompile Include="..\..\..\Drivers\STM32F4xx_HAL_Driver\Src\stm32f4xx_hal_gpio.c">
      <Filter>Source files\Drivers\STM32F4xx_HAL_Driver\Src</Filter>
    </ClCompile>
    <ClCompile Include="..\..\..\Drivers\STM32F4xx_HAL_Driver\Src\stm32f4xx_hal_i2c.c">
      <Filter>Source files\Drivers\STM32F4xx_HAL_Driver\Src</Filter>
    </ClCompile>
    <ClCompile Include="..\..\..\Drivers\STM32F4xx_HAL_Driver\Src\stm32f4xx_hal_i2c_ex.c">
      <Filter>Source files\Drivers\STM32F4xx_HAL_Driver\Src</Filter>
    </ClCompile>
    <ClCompile Include="..\..\..\Drivers\STM32F4xx_HAL_Driver\Src\stm32f4xx_hal_pcd.c">
      <Filter>Source files\Drivers\STM32F4xx_HAL_Driver\Src</Filter>
    </ClCompile>
    <ClCompile Include="..\..\..\Drivers\STM32F4xx_HAL_Driver\Src\stm32f4xx_hal_pcd_ex.c">
      <Filter>Source files\Drivers\STM32F4xx_HAL_Driver\Src</Filter>
    </ClCompile>
    <ClCompile Include="..\..\..\Drivers\STM32F4xx_HAL_Driver\Src\stm32f4xx_hal_pwr.c">
      <Filter>Source files\Drivers\STM32F4xx_HAL_Driver\Src</Filter>
    </ClCompile>
    <ClCompile Include="..\..\..\Drivers\STM32F4xx_HAL_Driver\Src\stm32f4xx_hal_pwr_ex.c">
      <Filter>Source files\Drivers\STM32F4xx_HAL_Driver\Src</Filter>
    </ClCompile>
    <ClCompile Include="..\..\..\Drivers\STM32F4xx_HAL_Driver\Src\stm32f4xx_hal_rcc.c">
      <Filter>Source files\Drivers\STM32F4xx_HAL_Driver\Src</Filter>
    </ClCompile>
    <ClCompile Include="..\..\..\Drivers\STM32F4xx_HAL_Driver\Src\stm32f4xx_hal_rcc_ex.c">
      <Filter>Source files\Drivers\STM32F4xx_HAL_Driver\Src</Filter>
    </ClCompile>
    <ClCompile Include="..\..\..\Drivers\STM32F4xx_HAL_Driver\Src\stm32f4xx_hal_sd.c">
      <Filter>Source files\Drivers\STM32F4xx_HAL_Driver\Src</Filter>
    </ClCompile>
    <ClCompile Include="..\..\..\Drivers\STM32F4xx_HAL_Driver\Src\stm32f4xx_hal_spi.c">
      <Filter>Source files\Drivers\STM32F4xx_HAL_Driver\Src</Filter>
    </ClCompile>
    <ClCompile Include="..\..\..\Drivers\STM32F4xx_HAL_Driver\Src\stm32f4xx_hal_tim.c">
      <Filter>Source files\Drivers\STM32F4xx_HAL_Driver\Src</Filter>
    </ClCompile>
    <ClCompile Include="..\..\..\Drivers\STM32F4xx_HAL_Driver\Src\stm32f4xx_hal_tim_ex.c">
      <Filter>Source files\Drivers\STM32F4xx_HAL_Driver\Src</Filter>
    </ClCompile>
    <ClCompile Include="..\..\..\Drivers\STM32F4xx_HAL_Driver\Src\stm32f4xx_hal_uart.c">
      <Filter>Source files\Drivers\STM32F4xx_HAL_Driver\Src</Filter>
    </ClCompile>
    <ClCompile Include="..\..\..\Drivers\STM32F4xx_HAL_Driver\Src\stm32f4xx_ll_sdmmc.c">
      <Filter>Source files\Drivers\STM32F4xx_HAL_Driver\Src</Filter>
    </ClCompile>
    <ClCompile Include="..\..\..\Drivers\STM32F4xx_HAL_Driver\Src\stm32f4xx_ll_usb.c">
      <Filter>Source files\Drivers\STM32F4xx_HAL_Driver\Src</Filter>
    </ClCompile>
    <ClCompile Include="..\..\..\Middlewares\Third_Party\FatFs\src\diskio.c">
      <Filter>Source files\Middlewares\Third_Party\FatFs\src</Filter>
    </ClCompile>
    <ClCompile Include="..\..\..\Middlewares\Third_Party\FatFs\src\ff.c">
      <Filter>Source files\Middlewares\Third_Party\FatFs\src</Filter>
    </ClCompile>
    <ClCompile Include="..\..\..\Middlewares\Third_Party\FatFs\src\ff_gen_drv.c">
      <Filter>Source files\Middlewares\Third_Party\FatFs\src</Filter>
    </ClCompile>
    <ClCompile Include="..\..\..\Middlewares\Third_Party\FatFs\src\option\syscall.c">
      <Filter>Source files\Middlewares\Third_Party\FatFs\src\option</Filter>
    </ClCompile>
    <ClCompile Include="..\..\..\Src\adc.c">
      <Filter>Source files\Src</Filter>
    </ClCompile>
    <ClCompile Include="..\..\..\Src\bsp_driver_sd.c">
      <Filter>Source files\Src</Filter>
    </ClCompile>
    <ClCompile Include="..\..\..\Src\can.c">
      <Filter>Source files\Src</Filter>
    </ClCompile>
    <ClCompile Include="..\..\..\Src\fatfs.c">
      <Filter>Source files\Src</Filter>
    </ClCompile>
    <ClCompile Include="..\..\..\Src\gpio.c">
      <Filter>Source files\Src</Filter>
    </ClCompile>
    <ClCompile Include="..\..\..\Src\i2c.c">
      <Filter>Source files\Src</Filter>
    </ClCompile>
    <ClCompile Include="..\..\..\Src\main.c">
      <Filter>Source files\Src</Filter>
    </ClCompile>
    <ClCompile Include="..\..\..\Src\sdio.c">
      <Filter>Source files\Src</Filter>
    </ClCompile>
    <ClCompile Include="..\..\..\Src\sd_diskio.c">
      <Filter>Source files\Src</Filter>
    </ClCompile>
    <ClCompile Include="..\..\..\Src\spi.c">
      <Filter>Source files\Src</Filter>
    </ClCompile>
    <ClCompile Include="..\..\..\Src\stm32f4xx_hal_msp.c">
      <Filter>Source files\Src</Filter>
    </ClCompile>
    <ClCompile Include="..\..\..\Src\stm32f4xx_it.c">
      <Filter>Source files\Src</Filter>
    </ClCompile>
    <ClCompile Include="..\..\..\Src\system_stm32f4xx.c">
      <Filter>Source files\Src</Filter>
    </ClCompile>
    <ClCompile Include="..\..\..\Src\tim.c">
      <Filter>Source files\Src</Filter>
    </ClCompile>
    <ClCompile Include="..\..\..\Src\usart.c">
      <Filter>Source files\Src</Filter>
    </ClCompile>
    <ClCompile Include="..\..\..\Src\usb_otg.c">
      <Filter>Source files\Src</Filter>
    </ClCompile>
    <ClCompile Include="C:\Users\dz\AppData\Local\VisualGDB\EmbeddedBSPs\arm-eabi\com.sysprogs.arm.stm32\STM32F4xxxx\StartupFiles\startup_stm32f427xx.c">
      <Filter>Source files\Device-specific files</Filter>
    </ClCompile>
  </ItemGroup>
  <ItemGroup>
    <None Include="Makefile" />
    <None Include="debug.mak">
      <Filter>Make files</Filter>
    </None>
    <None Include="ZMVS-Debug.vgdbsettings">
      <Filter>VisualGDB settings</Filter>
    </None>
    <None Include="release.mak">
      <Filter>Make files</Filter>
    </None>
    <None Include="ZMVS-Release.vgdbsettings">
      <Filter>VisualGDB settings</Filter>
    </None>
    <None Include="stm32.mak">
      <Filter>Source files\Device-specific files</Filter>
    </None>
  </ItemGroup>
  <ItemGroup>
    <Xml Include="stm32.xml">
      <Filter>VisualGDB settings</Filter>
    </Xml>
  </ItemGroup>
</Project>